
Microsoft Visual Studio Solution File, Format Version 12.00
# Visual Studio Version 17
VisualStudioVersion = 17.8.34511.84
MinimumVisualStudioVersion = 10.0.40219.1
Project("{FAE04EC0-301F-11D3-BF4B-00C04F79EFBC}") = "ManageStudentScore", "ManageStudentScore\ManageStudentScore.csproj", "{1289F4CD-81E6-48A1-B786-38EB5981C98E}"
EndProject
Global
	GlobalSection(SolutionConfigurationPlatforms) = preSolution
		Debug|Any CPU = Debug|Any CPU
		Release|Any CPU = Release|Any CPU
	EndGlobalSection
	GlobalSection(ProjectConfigurationPlatforms) = postSolution
		{1289F4CD-81E6-48A1-B786-38EB5981C98E}.Debug|Any CPU.ActiveCfg = Debug|Any CPU
		{1289F4CD-81E6-48A1-B786-38EB5981C98E}.Debug|Any CPU.Build.0 = Debug|Any CPU
		{1289F4CD-81E6-48A1-B786-38EB5981C98E}.Release|Any CPU.ActiveCfg = Release|Any CPU
		{1289F4CD-81E6-48A1-B786-38EB5981C98E}.Release|Any CPU.Build.0 = Release|Any CPU
	EndGlobalSection
	GlobalSection(SolutionProperties) = preSolution
		HideSolutionNode = FALSE
	EndGlobalSection
	GlobalSection(ExtensibilityGlobals) = postSolution
		SolutionGuid = {464C2C82-1641-4316-BD42-B6C9B6763765}
	EndGlobalSection
EndGlobal
